# This file was autogenerated by Stack.
# You should not edit this file by hand.
# For more information, please see the documentation at:
#   https://docs.haskellstack.org/en/stable/lock_files

packages:
- completed:
    hackage: attoparsec-binary-0.2@sha256:4514f23da427f35484a959872dcda1df6801e5632cbb138f0ff16a786d256236,749
    pantry-tree:
      size: 270
      sha256: ad0c5bccf19c6c7f2acfb3bfa16fed1fa26c7e34e7536f398770f2b584c018fe
  original:
    hackage: attoparsec-binary-0.2
- completed:
    hackage: Chart-1.9.1@sha256:cc50e1e65738ab2d6c30ae9e3f138962f87667d81f7860a0deeca9053f6d21ed,2857
    pantry-tree:
      size: 3031
      sha256: 6e8a7f52ff2c2c1bb26e75dad141c3096a1ade6dde027535d3ba0e09d76bbece
  original:
    hackage: Chart-1.9.1
- completed:
    hackage: Chart-diagrams-1.9.2@sha256:2284b9767babf2859e777c599e9298f5b915e17a4250d05c9b22851504ff6991,1735
    pantry-tree:
      size: 934
      sha256: 9e2fcc44afc544a42ce2e277e436c22a6910497420f05e1829f5849fa2b8ef15
  original:
    hackage: Chart-diagrams-1.9.2
- completed:
    hackage: time-1.6.0.1@sha256:492067e1b6973db9df64bf0bc851985dabea138d8a35414fe9ee6870b4702c66,4232
    pantry-tree:
      size: 4350
      sha256: ca87237ad8065079a9609385509cacb9444bb8c0f1ce2a70eacb88463dabe6fa
  original:
    hackage: time-1.6.0.1
- completed:
    hackage: gnuplot-0.5.6@sha256:7dd7a13dc62631785f05e9e219d59c4b6520212181082e67e003a2759227aaa5,5200
    pantry-tree:
      size: 4529
      sha256: c68f4cf5ca5b07e93469cc0002718e385f77613cfd0f1717e97b34d192f93825
  original:
    hackage: gnuplot-0.5.6
- completed:
    name: namelist-parser
    version: 0.2.2
    git: https://github.com/JakeOShannessy/namelist-parser.git
    pantry-tree:
      size: 46130
      sha256: db1568434555c543a71d470f9d62586a7b0d16b899e1d5f8621f9abae8d36aec
    commit: 8c0148c088c10c4580dd127153555d077977d05a
  original:
    git: https://github.com/JakeOShannessy/namelist-parser.git
    commit: 8c0148c088c10c4580dd127153555d077977d05a
- completed:
    name: fds-input-parser
    version: 0.1.0.2
    git: https://github.com/JakeOShannessy/fds-input-parser.git
    pantry-tree:
      size: 396
      sha256: 84a8f6ed84de9f7347f86a218c366005af7b7b88230a6262246cfe27dbacf81a
    commit: f5963f2d736c9f50fc2f662834be500db70901f0
  original:
    git: https://github.com/JakeOShannessy/fds-input-parser.git
    commit: f5963f2d736c9f50fc2f662834be500db70901f0
- completed:
    name: formattable
    version: 0.1.1
    git: https://github.com/Soostone/formattable.git
    pantry-tree:
      size: 559
      sha256: 9c72a51d1158337292ac8ed8802da6a6dc4a2cc5f8085ab0f13f85a8e2394e86
    commit: fd5494a56c28c4656d35e34b50c86df8d4685211
  original:
    git: https://github.com/Soostone/formattable.git
    commit: fd5494a56c28c4656d35e34b50c86df8d4685211
- completed:
    hackage: directory-1.3.3.2@sha256:79e15a62f90cb9f20f46b2b56fe67d00d71ed54cfad07ea337695f9ebb74baa4,2829
    pantry-tree:
      size: 3363
      sha256: 07702ef1e423c4d3eb2e56f581c684e6a6956f40bf5a269bd41c758ccff7f493
  original:
    hackage: directory-1.3.3.2@sha256:79e15a62f90cb9f20f46b2b56fe67d00d71ed54cfad07ea337695f9ebb74baa4,2829
- completed:
    hackage: process-1.6.5.1@sha256:77a9afeb676357f67fe5cf1ad79aca0745fb6f7fb96b786d510af08f622643f6,2468
    pantry-tree:
      size: 1211
      sha256: 19d944da6aa37944332e0726372288319852e5f72aa57dbc3516dc15e760a502
  original:
    hackage: process-1.6.5.1@sha256:77a9afeb676357f67fe5cf1ad79aca0745fb6f7fb96b786d510af08f622643f6,2468
- completed:
    hackage: unix-2.7.2.2@sha256:15f5365c5995634e45de1772b9504761504a310184e676bc2ef60a14536dbef9,3496
    pantry-tree:
      size: 3536
      sha256: 36434ced74d679622d61b69e8d92e1bd632d9ef3e284c63094653b2e473b0553
  original:
    hackage: unix-2.7.2.2
snapshots:
- completed:
    size: 502348
    url: https://raw.githubusercontent.com/commercialhaskell/stackage-snapshots/master/lts/12/5.yaml
    sha256: 3cb9dcb1e53145c4340978562f6b29d0ce1c35ddd912085cc1b6db94d4e0cdde
  original: lts-12.5
